
Microsoft Visual Studio Solution File, Format Version 12.00
# Visual Studio 14
VisualStudioVersion = 14.0.25420.1
MinimumVisualStudioVersion = 10.0.40219.1
Project("{FAE04EC0-301F-11D3-BF4B-00C04F79EFBC}") = "PokerRules", "PokerRules\PokerRules.csproj", "{300B6F56-2667-4EC9-B8B1-A8805B465B54}"
EndProject
Project("{FAE04EC0-301F-11D3-BF4B-00C04F79EFBC}") = "PokerRestApi", "PokerRestApi\PokerRestApi.csproj", "{063A57DA-982D-4D46-940C-164C01FEE0E8}"
EndProject
Global
	GlobalSection(SolutionConfigurationPlatforms) = preSolution
		Debug|Any CPU = Debug|Any CPU
		Release|Any CPU = Release|Any CPU
	EndGlobalSection
	GlobalSection(ProjectConfigurationPlatforms) = postSolution
		{300B6F56-2667-4EC9-B8B1-A8805B465B54}.Debug|Any CPU.ActiveCfg = Debug|Any CPU
		{300B6F56-2667-4EC9-B8B1-A8805B465B54}.Debug|Any CPU.Build.0 = Debug|Any CPU
		{300B6F56-2667-4EC9-B8B1-A8805B465B54}.Release|Any CPU.ActiveCfg = Release|Any CPU
		{300B6F56-2667-4EC9-B8B1-A8805B465B54}.Release|Any CPU.Build.0 = Release|Any CPU
		{063A57DA-982D-4D46-940C-164C01FEE0E8}.Debug|Any CPU.ActiveCfg = Debug|Any CPU
		{063A57DA-982D-4D46-940C-164C01FEE0E8}.Debug|Any CPU.Build.0 = Debug|Any CPU
		{063A57DA-982D-4D46-940C-164C01FEE0E8}.Release|Any CPU.ActiveCfg = Release|Any CPU
		{063A57DA-982D-4D46-940C-164C01FEE0E8}.Release|Any CPU.Build.0 = Release|Any CPU
	EndGlobalSection
	GlobalSection(SolutionProperties) = preSolution
		HideSolutionNode = FALSE
	EndGlobalSection
EndGlobal
